Microsoft Visual Studio Solution File, Format Version 11.00
# Visual Studio 2008

Project("{97F1781C-0BE0-A15B-F74E-1B4DEB7EAFDA}") = "crashlanding-TD", "Assembly-CSharp.csproj", "{C9AE5D74-F3AC-26BA-EA4E-01C024A1B4DF}"
EndProject
Project("{97F1781C-0BE0-A15B-F74E-1B4DEB7EAFDA}") = "crashlanding-TD", "Assembly-CSharp-Editor.csproj", "{850F9AAE-8F21-73F7-1DD9-451FA2DCD3AB}"
EndProject
Global
	GlobalSection(SolutionConfigurationPlatforms) = preSolution
		Debug|Any CPU = Debug|Any CPU
		Release|Any CPU = Release|Any CPU
	EndGlobalSection
	GlobalSection(ProjectConfigurationPlatforms) = postSolution
		{C9AE5D74-F3AC-26BA-EA4E-01C024A1B4DF}.Debug|Any CPU.ActiveCfg = Debug|Any CPU
		{C9AE5D74-F3AC-26BA-EA4E-01C024A1B4DF}.Debug|Any CPU.Build.0 = Debug|Any CPU
		{C9AE5D74-F3AC-26BA-EA4E-01C024A1B4DF}.Release|Any CPU.ActiveCfg = Release|Any CPU
		{C9AE5D74-F3AC-26BA-EA4E-01C024A1B4DF}.Release|Any CPU.Build.0 = Release|Any CPU
		{850F9AAE-8F21-73F7-1DD9-451FA2DCD3AB}.Debug|Any CPU.ActiveCfg = Debug|Any CPU
		{850F9AAE-8F21-73F7-1DD9-451FA2DCD3AB}.Debug|Any CPU.Build.0 = Debug|Any CPU
		{850F9AAE-8F21-73F7-1DD9-451FA2DCD3AB}.Release|Any CPU.ActiveCfg = Release|Any CPU
		{850F9AAE-8F21-73F7-1DD9-451FA2DCD3AB}.Release|Any CPU.Build.0 = Release|Any CPU
	EndGlobalSection
	GlobalSection(SolutionProperties) = preSolution
		HideSolutionNode = FALSE
	EndGlobalSection
	GlobalSection(MonoDevelopProperties) = preSolution
		StartupItem = Assembly-CSharp.csproj
	EndGlobalSection
EndGlobal
